
Microsoft Visual Studio Solution File, Format Version 12.00
# Visual Studio 15
VisualStudioVersion = 15.0.28307.757
MinimumVisualStudioVersion = 10.0.40219.1
Project("{FAE04EC0-301F-11D3-BF4B-00C04F79EFBC}") = "RestFulCrudDemo", "RestFulCrudDemo\RestFulCrudDemo.csproj", "{DB3847F8-B2AA-423E-92FF-EC4C7A3E1ACF}"
EndProject
Project("{FAE04EC0-301F-11D3-BF4B-00C04F79EFBC}") = "ConsumeWebApiInMVC", "ConsumeWebApiInMVC\ConsumeWebApiInMVC.csproj", "{5B6E1704-23CF-445B-90F9-BC0094914254}"
EndProject
Project("{FAE04EC0-301F-11D3-BF4B-00C04F79EFBC}") = "CrudTest", "CrudTest\CrudTest.csproj", "{87301964-E68C-401E-8C5F-7716FED353DA}"
EndProject
Global
	GlobalSection(SolutionConfigurationPlatforms) = preSolution
		Debug|Any CPU = Debug|Any CPU
		Release|Any CPU = Release|Any CPU
	EndGlobalSection
	GlobalSection(ProjectConfigurationPlatforms) = postSolution
		{DB3847F8-B2AA-423E-92FF-EC4C7A3E1ACF}.Debug|Any CPU.ActiveCfg = Debug|Any CPU
		{DB3847F8-B2AA-423E-92FF-EC4C7A3E1ACF}.Debug|Any CPU.Build.0 = Debug|Any CPU
		{DB3847F8-B2AA-423E-92FF-EC4C7A3E1ACF}.Release|Any CPU.ActiveCfg = Release|Any CPU
		{DB3847F8-B2AA-423E-92FF-EC4C7A3E1ACF}.Release|Any CPU.Build.0 = Release|Any CPU
		{5B6E1704-23CF-445B-90F9-BC0094914254}.Debug|Any CPU.ActiveCfg = Debug|Any CPU
		{5B6E1704-23CF-445B-90F9-BC0094914254}.Debug|Any CPU.Build.0 = Debug|Any CPU
		{5B6E1704-23CF-445B-90F9-BC0094914254}.Release|Any CPU.ActiveCfg = Release|Any CPU
		{5B6E1704-23CF-445B-90F9-BC0094914254}.Release|Any CPU.Build.0 = Release|Any CPU
		{87301964-E68C-401E-8C5F-7716FED353DA}.Debug|Any CPU.ActiveCfg = Debug|Any CPU
		{87301964-E68C-401E-8C5F-7716FED353DA}.Debug|Any CPU.Build.0 = Debug|Any CPU
		{87301964-E68C-401E-8C5F-7716FED353DA}.Release|Any CPU.ActiveCfg = Release|Any CPU
		{87301964-E68C-401E-8C5F-7716FED353DA}.Release|Any CPU.Build.0 = Release|Any CPU
	EndGlobalSection
	GlobalSection(SolutionProperties) = preSolution
		HideSolutionNode = FALSE
	EndGlobalSection
	GlobalSection(ExtensibilityGlobals) = postSolution
		SolutionGuid = {67DC04C3-A164-4D8E-AF82-8684E2167DD1}
	EndGlobalSection
EndGlobal
